<?xml version="1.0" encoding="utf-8"?>
<Project ToolsVersion="4.0" xmlns="http://schemas.microsoft.com/developer/msbuild/2003">
  <ItemGroup>
    <Filter Include="Source Files">
      <UniqueIdentifier>{4FC737F1-C7A5-4376-A066-2A32D752A2FF}</UniqueIdentifier>
      <Extensions>cpp;c;cc;cxx;def;odl;idl;hpj;bat;asm;asmx</Extensions>
    </Filter>
    <Filter Include="Header Files">
      <UniqueIdentifier>{93995380-89BD-4b04-88EB-625FBE52EBFB}</UniqueIdentifier>
      <Extensions>h;hh;hpp;hxx;hm;inl;inc;xsd</Extensions>
    </Filter>
    <Filter Include="Resource Files">
      <UniqueIdentifier>{67DA6AB6-F800-4c08-8B7A-83BB121AAD01}</UniqueIdentifier>
      <Extensions>rc;ico;cur;bmp;dlg;rc2;rct;bin;rgs;gif;jpg;jpeg;jpe;resx;tiff;tif;png;wav;mfcribbon-ms</Extensions>
    </Filter>
    <Filter Include="CGridListCtrl">
      <UniqueIdentifier>{45638cdf-bc30-4b63-a50d-7b9d75b095ea}</UniqueIdentifier>
    </Filter>
  </ItemGroup>
  <ItemGroup>
    <Text Include="ReadMe.txt" />
  </ItemGroup>
  <ItemGroup>
    <ClCompile Include="IcSetEmmcDLL.cpp">
      <Filter>Source Files</Filter>
    </ClCompile>
    <ClCompile Include="dllmain.cpp">
      <Filter>Source Files</Filter>
    </ClCompile>
    <ClCompile Include="stdafx.cpp">
      <Filter>Source Files</Filter>
    </ClCompile>
    <ClCompile Include="ConfigEmmc.cpp">
      <Filter>Source Files</Filter>
    </ClCompile>
    <ClCompile Include="CGridListCtrlEx\CGridColumnTraitCombo.cpp">
      <Filter>CGridListCtrl</Filter>
    </ClCompile>
    <ClCompile Include="CGridListCtrlEx\CGridColumnTraitDateTime.cpp">
      <Filter>CGridListCtrl</Filter>
    </ClCompile>
    <ClCompile Include="CGridListCtrlEx\CGridColumnTraitEdit.cpp">
      <Filter>CGridListCtrl</Filter>
    </ClCompile>
    <ClCompile Include="CGridListCtrlEx\CGridColumnTraitHyperLink.cpp">
      <Filter>CGridListCtrl</Filter>
    </ClCompile>
    <ClCompile Include="CGridListCtrlEx\CGridColumnTraitImage.cpp">
      <Filter>CGridListCtrl</Filter>
    </ClCompile>
    <ClCompile Include="CGridListCtrlEx\CGridColumnTraitMultilineEdit.cpp">
      <Filter>CGridListCtrl</Filter>
    </ClCompile>
    <ClCompile Include="CGridListCtrlEx\CGridColumnTraitText.cpp">
      <Filter>CGridListCtrl</Filter>
    </ClCompile>
    <ClCompile Include="CGridListCtrlEx\CGridListCtrlEx.cpp">
      <Filter>CGridListCtrl</Filter>
    </ClCompile>
    <ClCompile Include="CGridListCtrlEx\CGridListCtrlGroups.cpp">
      <Filter>CGridListCtrl</Filter>
    </ClCompile>
    <ClCompile Include="CGridListCtrlEx\CGridRowTraitText.cpp">
      <Filter>CGridListCtrl</Filter>
    </ClCompile>
    <ClCompile Include="CGridListCtrlEx\CGridRowTraitXP.cpp">
      <Filter>CGridListCtrl</Filter>
    </ClCompile>
    <ClCompile Include="CGridListCtrlEx\ViewConfigSection.cpp">
      <Filter>CGridListCtrl</Filter>
    </ClCompile>
    <ClCompile Include="ValueEdit.cpp">
      <Filter>Header Files</Filter>
    </ClCompile>
  </ItemGroup>
  <ItemGroup>
    <None Include="IcSetEmmcDLL.def">
      <Filter>Source Files</Filter>
    </None>
    <None Include="res\IcSetEmmcDLL.rc2">
      <Filter>Resource Files</Filter>
    </None>
  </ItemGroup>
  <ItemGroup>
    <ClInclude Include="stdafx.h">
      <Filter>Header Files</Filter>
    </ClInclude>
    <ClInclude Include="targetver.h">
      <Filter>Header Files</Filter>
    </ClInclude>
    <ClInclude Include="Resource.h">
      <Filter>Header Files</Filter>
    </ClInclude>
    <ClInclude Include="ConfigEmmc.h">
      <Filter>Header Files</Filter>
    </ClInclude>
    <ClInclude Include="CGridListCtrlEx\CGridColumnTrait.h">
      <Filter>CGridListCtrl</Filter>
    </ClInclude>
    <ClInclude Include="CGridListCtrlEx\CGridColumnTraitCombo.h">
      <Filter>CGridListCtrl</Filter>
    </ClInclude>
    <ClInclude Include="CGridListCtrlEx\CGridColumnTraitDateTime.h">
      <Filter>CGridListCtrl</Filter>
    </ClInclude>
    <ClInclude Include="CGridListCtrlEx\CGridColumnTraitEdit.h">
      <Filter>CGridListCtrl</Filter>
    </ClInclude>
    <ClInclude Include="CGridListCtrlEx\CGridColumnTraitHyperLink.h">
      <Filter>CGridListCtrl</Filter>
    </ClInclude>
    <ClInclude Include="CGridListCtrlEx\CGridColumnTraitImage.h">
      <Filter>CGridListCtrl</Filter>
    </ClInclude>
    <ClInclude Include="CGridListCtrlEx\CGridColumnTraitMultilineEdit.h">
      <Filter>CGridListCtrl</Filter>
    </ClInclude>
    <ClInclude Include="CGridListCtrlEx\CGridColumnTraitText.h">
      <Filter>CGridListCtrl</Filter>
    </ClInclude>
    <ClInclude Include="CGridListCtrlEx\CGridColumnTraitVisitor.h">
      <Filter>CGridListCtrl</Filter>
    </ClInclude>
    <ClInclude Include="CGridListCtrlEx\CGridListCtrlEx.h">
      <Filter>CGridListCtrl</Filter>
    </ClInclude>
    <ClInclude Include="CGridListCtrlEx\CGridListCtrlGroups.h">
      <Filter>CGridListCtrl</Filter>
    </ClInclude>
    <ClInclude Include="CGridListCtrlEx\CGridRowTrait.h">
      <Filter>CGridListCtrl</Filter>
    </ClInclude>
    <ClInclude Include="CGridListCtrlEx\CGridRowTraitText.h">
      <Filter>CGridListCtrl</Filter>
    </ClInclude>
    <ClInclude Include="CGridListCtrlEx\CGridRowTraitVisitor.h">
      <Filter>CGridListCtrl</Filter>
    </ClInclude>
    <ClInclude Include="CGridListCtrlEx\CGridRowTraitXP.h">
      <Filter>CGridListCtrl</Filter>
    </ClInclude>
    <ClInclude Include="CGridListCtrlEx\ViewConfigSection.h">
      <Filter>CGridListCtrl</Filter>
    </ClInclude>
    <ClInclude Include="ValueEdit.h">
      <Filter>Header Files</Filter>
    </ClInclude>
  </ItemGroup>
  <ItemGroup>
    <ResourceCompile Include="IcSetEmmcDLL.rc">
      <Filter>Resource Files</Filter>
    </ResourceCompile>
  </ItemGroup>
</Project>